
Microsoft Visual Studio Solution File, Format Version 12.00
# Visual Studio Version 17
VisualStudioVersion = 17.4.33403.182
MinimumVisualStudioVersion = 10.0.40219.1
Project("{FAE04EC0-301F-11D3-BF4B-00C04F79EFBC}") = "Lab_3_Sylenok", "Lab_3_Sylenok\Lab_3_Sylenok.csproj", "{2B0AE564-50E4-4DAA-ADBE-7025EA1111E6}"
EndProject
Project("{FAE04EC0-301F-11D3-BF4B-00C04F79EFBC}") = "ExcelExport", "ExcelExport\ExcelExport.csproj", "{448C74F6-0EB9-4136-86B5-7C7325A3803D}"
EndProject
Project("{FAE04EC0-301F-11D3-BF4B-00C04F79EFBC}") = "WordExport", "WordExport\WordExport.csproj", "{B9D67334-A125-4072-B562-E3E76B14786A}"
EndProject
Global
	GlobalSection(SolutionConfigurationPlatforms) = preSolution
		Debug|Any CPU = Debug|Any CPU
		Release|Any CPU = Release|Any CPU
	EndGlobalSection
	GlobalSection(ProjectConfigurationPlatforms) = postSolution
		{2B0AE564-50E4-4DAA-ADBE-7025EA1111E6}.Debug|Any CPU.ActiveCfg = Debug|Any CPU
		{2B0AE564-50E4-4DAA-ADBE-7025EA1111E6}.Debug|Any CPU.Build.0 = Debug|Any CPU
		{2B0AE564-50E4-4DAA-ADBE-7025EA1111E6}.Release|Any CPU.ActiveCfg = Release|Any CPU
		{2B0AE564-50E4-4DAA-ADBE-7025EA1111E6}.Release|Any CPU.Build.0 = Release|Any CPU
		{448C74F6-0EB9-4136-86B5-7C7325A3803D}.Debug|Any CPU.ActiveCfg = Debug|Any CPU
		{448C74F6-0EB9-4136-86B5-7C7325A3803D}.Debug|Any CPU.Build.0 = Debug|Any CPU
		{448C74F6-0EB9-4136-86B5-7C7325A3803D}.Release|Any CPU.ActiveCfg = Release|Any CPU
		{448C74F6-0EB9-4136-86B5-7C7325A3803D}.Release|Any CPU.Build.0 = Release|Any CPU
		{B9D67334-A125-4072-B562-E3E76B14786A}.Debug|Any CPU.ActiveCfg = Debug|Any CPU
		{B9D67334-A125-4072-B562-E3E76B14786A}.Debug|Any CPU.Build.0 = Debug|Any CPU
		{B9D67334-A125-4072-B562-E3E76B14786A}.Release|Any CPU.ActiveCfg = Release|Any CPU
		{B9D67334-A125-4072-B562-E3E76B14786A}.Release|Any CPU.Build.0 = Release|Any CPU
	EndGlobalSection
	GlobalSection(SolutionProperties) = preSolution
		HideSolutionNode = FALSE
	EndGlobalSection
	GlobalSection(ExtensibilityGlobals) = postSolution
		SolutionGuid = {1257F4F9-0788-41F4-B74A-A67E1279A107}
	EndGlobalSection
EndGlobal
